
Microsoft Visual Studio Solution File, Format Version 12.00
# Visual Studio Version 16
VisualStudioVersion = 16.0.31205.134
MinimumVisualStudioVersion = 10.0.40219.1
Project("{9A19103F-16F7-4668-BE54-9A1E7A4F7556}") = "Client", "Client\Client.csproj", "{554F94A5-1F40-4951-988F-BE11B487FD3F}"
EndProject
Project("{9A19103F-16F7-4668-BE54-9A1E7A4F7556}") = "ServerConcurrent", "ServerConcurrent\ServerConcurrent.csproj", "{0266883F-F783-4D55-9A78-0F7D1A465344}"
EndProject
Project("{9A19103F-16F7-4668-BE54-9A1E7A4F7556}") = "UIMonopoly", "UIMonopoly\UIMonopoly.csproj", "{217142A6-1E9D-488F-BE9B-CFE50E888448}"
	ProjectSection(ProjectDependencies) = postProject
		{0266883F-F783-4D55-9A78-0F7D1A465344} = {0266883F-F783-4D55-9A78-0F7D1A465344}
		{554F94A5-1F40-4951-988F-BE11B487FD3F} = {554F94A5-1F40-4951-988F-BE11B487FD3F}
	EndProjectSection
EndProject
Global
	GlobalSection(SolutionConfigurationPlatforms) = preSolution
		Debug|Any CPU = Debug|Any CPU
		Release|Any CPU = Release|Any CPU
	EndGlobalSection
	GlobalSection(ProjectConfigurationPlatforms) = postSolution
		{554F94A5-1F40-4951-988F-BE11B487FD3F}.Debug|Any CPU.ActiveCfg = Debug|Any CPU
		{554F94A5-1F40-4951-988F-BE11B487FD3F}.Debug|Any CPU.Build.0 = Debug|Any CPU
		{554F94A5-1F40-4951-988F-BE11B487FD3F}.Release|Any CPU.ActiveCfg = Release|Any CPU
		{554F94A5-1F40-4951-988F-BE11B487FD3F}.Release|Any CPU.Build.0 = Release|Any CPU
		{0266883F-F783-4D55-9A78-0F7D1A465344}.Debug|Any CPU.ActiveCfg = Debug|Any CPU
		{0266883F-F783-4D55-9A78-0F7D1A465344}.Debug|Any CPU.Build.0 = Debug|Any CPU
		{0266883F-F783-4D55-9A78-0F7D1A465344}.Release|Any CPU.ActiveCfg = Release|Any CPU
		{0266883F-F783-4D55-9A78-0F7D1A465344}.Release|Any CPU.Build.0 = Release|Any CPU
		{217142A6-1E9D-488F-BE9B-CFE50E888448}.Debug|Any CPU.ActiveCfg = Debug|Any CPU
		{217142A6-1E9D-488F-BE9B-CFE50E888448}.Debug|Any CPU.Build.0 = Debug|Any CPU
		{217142A6-1E9D-488F-BE9B-CFE50E888448}.Release|Any CPU.ActiveCfg = Release|Any CPU
		{217142A6-1E9D-488F-BE9B-CFE50E888448}.Release|Any CPU.Build.0 = Release|Any CPU
	EndGlobalSection
	GlobalSection(SolutionProperties) = preSolution
		HideSolutionNode = FALSE
	EndGlobalSection
	GlobalSection(ExtensibilityGlobals) = postSolution
		SolutionGuid = {672C7544-C5D5-4D9B-ADE9-E85A888C30F4}
	EndGlobalSection
EndGlobal
